
Microsoft Visual Studio Solution File, Format Version 12.00
# Visual Studio Version 17
VisualStudioVersion = 17.9.34902.65
MinimumVisualStudioVersion = 10.0.40219.1
Project("{FAE04EC0-301F-11D3-BF4B-00C04F79EFBC}") = "MP4 to WAV Converter", "MP4 to WAV Converter.csproj", "{46781768-8E10-4C86-917E-E472F6C11C84}"
EndProject
Global
	GlobalSection(SolutionConfigurationPlatforms) = preSolution
		Debug|Any CPU = Debug|Any CPU
		Release|Any CPU = Release|Any CPU
	EndGlobalSection
	GlobalSection(ProjectConfigurationPlatforms) = postSolution
		{46781768-8E10-4C86-917E-E472F6C11C84}.Debug|Any CPU.ActiveCfg = Debug|Any CPU
		{46781768-8E10-4C86-917E-E472F6C11C84}.Debug|Any CPU.Build.0 = Debug|Any CPU
		{46781768-8E10-4C86-917E-E472F6C11C84}.Release|Any CPU.ActiveCfg = Release|Any CPU
		{46781768-8E10-4C86-917E-E472F6C11C84}.Release|Any CPU.Build.0 = Release|Any CPU
	EndGlobalSection
	GlobalSection(SolutionProperties) = preSolution
		HideSolutionNode = FALSE
	EndGlobalSection
	GlobalSection(ExtensibilityGlobals) = postSolution
		SolutionGuid = {C817BC28-5C5F-4CF3-9527-762BFD5AEC00}
	EndGlobalSection
EndGlobal
